
Microsoft Visual Studio Solution File, Format Version 12.00
# Visual Studio Version 16
VisualStudioVersion = 16.0.30330.147
MinimumVisualStudioVersion = 10.0.40219.1
Project("{FAE04EC0-301F-11D3-BF4B-00C04F79EFBC}") = "Site_Arq", "Site_Arq\Site_Arq.csproj", "{0E831E39-571E-4B0F-851E-A6C4A043C868}"
EndProject
Global
	GlobalSection(SolutionConfigurationPlatforms) = preSolution
		Debug|Any CPU = Debug|Any CPU
		Release|Any CPU = Release|Any CPU
	EndGlobalSection
	GlobalSection(ProjectConfigurationPlatforms) = postSolution
		{0E831E39-571E-4B0F-851E-A6C4A043C868}.Debug|Any CPU.ActiveCfg = Debug|Any CPU
		{0E831E39-571E-4B0F-851E-A6C4A043C868}.Debug|Any CPU.Build.0 = Debug|Any CPU
		{0E831E39-571E-4B0F-851E-A6C4A043C868}.Release|Any CPU.ActiveCfg = Release|Any CPU
		{0E831E39-571E-4B0F-851E-A6C4A043C868}.Release|Any CPU.Build.0 = Release|Any CPU
	EndGlobalSection
	GlobalSection(SolutionProperties) = preSolution
		HideSolutionNode = FALSE
	EndGlobalSection
	GlobalSection(ExtensibilityGlobals) = postSolution
		SolutionGuid = {57A43BC2-689B-4960-992A-BF6FDEF66DFE}
	EndGlobalSection
EndGlobal
